
Microsoft Visual Studio Solution File, Format Version 12.00
# Visual Studio Version 17
VisualStudioVersion = 17.8.34511.84
MinimumVisualStudioVersion = 10.0.40219.1
Project("{FAE04EC0-301F-11D3-BF4B-00C04F79EFBC}") = "Ocean Navigation", "Ocean Navigation.csproj", "{DB98CA51-4919-448D-8F1A-553BAA4FD7A5}"
EndProject
Global
	GlobalSection(SolutionConfigurationPlatforms) = preSolution
		Debug|Any CPU = Debug|Any CPU
		Release|Any CPU = Release|Any CPU
	EndGlobalSection
	GlobalSection(ProjectConfigurationPlatforms) = postSolution
		{DB98CA51-4919-448D-8F1A-553BAA4FD7A5}.Debug|Any CPU.ActiveCfg = Debug|Any CPU
		{DB98CA51-4919-448D-8F1A-553BAA4FD7A5}.Debug|Any CPU.Build.0 = Debug|Any CPU
		{DB98CA51-4919-448D-8F1A-553BAA4FD7A5}.Release|Any CPU.ActiveCfg = Release|Any CPU
		{DB98CA51-4919-448D-8F1A-553BAA4FD7A5}.Release|Any CPU.Build.0 = Release|Any CPU
	EndGlobalSection
	GlobalSection(SolutionProperties) = preSolution
		HideSolutionNode = FALSE
	EndGlobalSection
	GlobalSection(ExtensibilityGlobals) = postSolution
		SolutionGuid = {1C36164E-D4DC-434B-8049-13E6B020C87B}
	EndGlobalSection
EndGlobal
